
Microsoft Visual Studio Solution File, Format Version 12.00
# Visual Studio Version 16
VisualStudioVersion = 16.0.30309.148
MinimumVisualStudioVersion = 10.0.40219.1
Project("{8BC9CEB8-8B4A-11D0-8D11-00A0C91BC942}") = "资源表解析", "资源表解析\资源表解析.vcxproj", "{11324281-BC65-414F-8B22-D1A39FCA0165}"
EndProject
Global
	GlobalSection(SolutionConfigurationPlatforms) = preSolution
		Debug|x64 = Debug|x64
		Debug|x86 = Debug|x86
		Release|x64 = Release|x64
		Release|x86 = Release|x86
	EndGlobalSection
	GlobalSection(ProjectConfigurationPlatforms) = postSolution
		{11324281-BC65-414F-8B22-D1A39FCA0165}.Debug|x64.ActiveCfg = Debug|x64
		{11324281-BC65-414F-8B22-D1A39FCA0165}.Debug|x64.Build.0 = Debug|x64
		{11324281-BC65-414F-8B22-D1A39FCA0165}.Debug|x86.ActiveCfg = Debug|Win32
		{11324281-BC65-414F-8B22-D1A39FCA0165}.Debug|x86.Build.0 = Debug|Win32
		{11324281-BC65-414F-8B22-D1A39FCA0165}.Release|x64.ActiveCfg = Release|x64
		{11324281-BC65-414F-8B22-D1A39FCA0165}.Release|x64.Build.0 = Release|x64
		{11324281-BC65-414F-8B22-D1A39FCA0165}.Release|x86.ActiveCfg = Release|Win32
		{11324281-BC65-414F-8B22-D1A39FCA0165}.Release|x86.Build.0 = Release|Win32
	EndGlobalSection
	GlobalSection(SolutionProperties) = preSolution
		HideSolutionNode = FALSE
	EndGlobalSection
	GlobalSection(ExtensibilityGlobals) = postSolution
		SolutionGuid = {F4717924-FBDA-4D1B-925C-C2BF91BA8A7E}
	EndGlobalSection
EndGlobal
